
Microsoft Visual Studio Solution File, Format Version 12.00
# Visual Studio Version 17
VisualStudioVersion = 17.4.33110.190
MinimumVisualStudioVersion = 10.0.40219.1
Project("{FAE04EC0-301F-11D3-BF4B-00C04F79EFBC}") = "Wine-celar", "Wine celar\Wine-celar.csproj", "{D294ECC6-BC85-4AB5-95FB-C197F49F3145}"
EndProject
Global
	GlobalSection(SolutionConfigurationPlatforms) = preSolution
		Debug|Any CPU = Debug|Any CPU
		Release|Any CPU = Release|Any CPU
	EndGlobalSection
	GlobalSection(ProjectConfigurationPlatforms) = postSolution
		{D294ECC6-BC85-4AB5-95FB-C197F49F3145}.Debug|Any CPU.ActiveCfg = Debug|Any CPU
		{D294ECC6-BC85-4AB5-95FB-C197F49F3145}.Debug|Any CPU.Build.0 = Debug|Any CPU
		{D294ECC6-BC85-4AB5-95FB-C197F49F3145}.Release|Any CPU.ActiveCfg = Release|Any CPU
		{D294ECC6-BC85-4AB5-95FB-C197F49F3145}.Release|Any CPU.Build.0 = Release|Any CPU
	EndGlobalSection
	GlobalSection(SolutionProperties) = preSolution
		HideSolutionNode = FALSE
	EndGlobalSection
	GlobalSection(ExtensibilityGlobals) = postSolution
		SolutionGuid = {806C0144-9391-4CAC-B6DA-CD81948DEA42}
	EndGlobalSection
EndGlobal
